
Microsoft Visual Studio Solution File, Format Version 12.00
Project("{FAE04EC0-301F-11D3-BF4B-00C04F79EFBC}") = "AgencyFlow", "AgencyFlow\AgencyFlow.csproj", "{81159FE9-0E61-4553-875B-DBD97120CF43}"
EndProject
Project("{FAE04EC0-301F-11D3-BF4B-00C04F79EFBC}") = "AgencyFlow.Tests", "AgencyFlow.Tests\AgencyFlow.Tests.csproj", "{0E6943AE-F03A-4FA0-8F7E-9A3BB49D2699}"
EndProject
Global
	GlobalSection(SolutionConfigurationPlatforms) = preSolution
		Debug|Any CPU = Debug|Any CPU
		Debug|x64 = Debug|x64
		Debug|x86 = Debug|x86
		Release|Any CPU = Release|Any CPU
		Release|x64 = Release|x64
		Release|x86 = Release|x86
	EndGlobalSection
	GlobalSection(ProjectConfigurationPlatforms) = postSolution
		{81159FE9-0E61-4553-875B-DBD97120CF43}.Debug|Any CPU.ActiveCfg = Debug|Any CPU
		{81159FE9-0E61-4553-875B-DBD97120CF43}.Debug|Any CPU.Build.0 = Debug|Any CPU
		{81159FE9-0E61-4553-875B-DBD97120CF43}.Debug|x64.ActiveCfg = Debug|Any CPU
		{81159FE9-0E61-4553-875B-DBD97120CF43}.Debug|x64.Build.0 = Debug|Any CPU
		{81159FE9-0E61-4553-875B-DBD97120CF43}.Debug|x86.ActiveCfg = Debug|Any CPU
		{81159FE9-0E61-4553-875B-DBD97120CF43}.Debug|x86.Build.0 = Debug|Any CPU
		{81159FE9-0E61-4553-875B-DBD97120CF43}.Release|Any CPU.ActiveCfg = Release|Any CPU
		{81159FE9-0E61-4553-875B-DBD97120CF43}.Release|Any CPU.Build.0 = Release|Any CPU
		{81159FE9-0E61-4553-875B-DBD97120CF43}.Release|x64.ActiveCfg = Release|Any CPU
		{81159FE9-0E61-4553-875B-DBD97120CF43}.Release|x64.Build.0 = Release|Any CPU
		{81159FE9-0E61-4553-875B-DBD97120CF43}.Release|x86.ActiveCfg = Release|Any CPU
		{81159FE9-0E61-4553-875B-DBD97120CF43}.Release|x86.Build.0 = Release|Any CPU
		{0E6943AE-F03A-4FA0-8F7E-9A3BB49D2699}.Debug|Any CPU.ActiveCfg = Debug|Any CPU
		{0E6943AE-F03A-4FA0-8F7E-9A3BB49D2699}.Debug|Any CPU.Build.0 = Debug|Any CPU
		{0E6943AE-F03A-4FA0-8F7E-9A3BB49D2699}.Debug|x64.ActiveCfg = Debug|Any CPU
		{0E6943AE-F03A-4FA0-8F7E-9A3BB49D2699}.Debug|x64.Build.0 = Debug|Any CPU
		{0E6943AE-F03A-4FA0-8F7E-9A3BB49D2699}.Debug|x86.ActiveCfg = Debug|Any CPU
		{0E6943AE-F03A-4FA0-8F7E-9A3BB49D2699}.Debug|x86.Build.0 = Debug|Any CPU
		{0E6943AE-F03A-4FA0-8F7E-9A3BB49D2699}.Release|Any CPU.ActiveCfg = Release|Any CPU
		{0E6943AE-F03A-4FA0-8F7E-9A3BB49D2699}.Release|Any CPU.Build.0 = Release|Any CPU
		{0E6943AE-F03A-4FA0-8F7E-9A3BB49D2699}.Release|x64.ActiveCfg = Release|Any CPU
		{0E6943AE-F03A-4FA0-8F7E-9A3BB49D2699}.Release|x64.Build.0 = Release|Any CPU
		{0E6943AE-F03A-4FA0-8F7E-9A3BB49D2699}.Release|x86.ActiveCfg = Release|Any CPU
		{0E6943AE-F03A-4FA0-8F7E-9A3BB49D2699}.Release|x86.Build.0 = Release|Any CPU
	EndGlobalSection
	GlobalSection(SolutionProperties) = preSolution
		HideSolutionNode = FALSE
	EndGlobalSection
EndGlobal
